
Microsoft Visual Studio Solution File, Format Version 12.00
# Visual Studio Version 16
VisualStudioVersion = 16.0.30611.23
MinimumVisualStudioVersion = 10.0.40219.1
Project("{9A19103F-16F7-4668-BE54-9A1E7A4F7556}") = "ProtocolLibrary", "ProtocolLibrary\ProtocolLibrary.csproj", "{58C3504A-6FB3-4254-943A-90F7091A79B7}"
EndProject
Project("{9A19103F-16F7-4668-BE54-9A1E7A4F7556}") = "ConsoleClientProtocol", "ConsoleClientProtocol\ConsoleClientProtocol.csproj", "{2E614C42-BA27-48E7-B211-943B126A4323}"
EndProject
Project("{9A19103F-16F7-4668-BE54-9A1E7A4F7556}") = "BusinessLogic", "BusinessLogic\BusinessLogic.csproj", "{07521E5D-2D26-453C-BA63-13CF3054313D}"
EndProject
Project("{9A19103F-16F7-4668-BE54-9A1E7A4F7556}") = "DataAccess", "DataAccess\DataAccess.csproj", "{5971E4FB-76CA-4266-A8F5-7ADD6255F167}"
EndProject
Project("{9A19103F-16F7-4668-BE54-9A1E7A4F7556}") = "CommonFileSenderReciever", "CommonFileSenderReciever\CommonFileSenderReciever.csproj", "{A3B8F87E-8028-404F-A507-1001CD5AC2F9}"
EndProject
Project("{9A19103F-16F7-4668-BE54-9A1E7A4F7556}") = "FileHandling", "FileHandling\FileHandling.csproj", "{D0AABF26-985D-4D9C-B98D-77C787002B47}"
EndProject
Project("{9A19103F-16F7-4668-BE54-9A1E7A4F7556}") = "Server", "Server\Server.csproj", "{01D7764D-0C54-4183-ACBF-EAF63F1BF190}"
EndProject
Project("{FAE04EC0-301F-11D3-BF4B-00C04F79EFBC}") = "AdminServer", "AdminServer\AdminServer.csproj", "{9691181E-7DDB-4182-AE4D-98B14A54C4AA}"
EndProject
Global
	GlobalSection(SolutionConfigurationPlatforms) = preSolution
		Debug|Any CPU = Debug|Any CPU
		Release|Any CPU = Release|Any CPU
	EndGlobalSection
	GlobalSection(ProjectConfigurationPlatforms) = postSolution
		{58C3504A-6FB3-4254-943A-90F7091A79B7}.Debug|Any CPU.ActiveCfg = Debug|Any CPU
		{58C3504A-6FB3-4254-943A-90F7091A79B7}.Debug|Any CPU.Build.0 = Debug|Any CPU
		{58C3504A-6FB3-4254-943A-90F7091A79B7}.Release|Any CPU.ActiveCfg = Release|Any CPU
		{58C3504A-6FB3-4254-943A-90F7091A79B7}.Release|Any CPU.Build.0 = Release|Any CPU
		{2E614C42-BA27-48E7-B211-943B126A4323}.Debug|Any CPU.ActiveCfg = Debug|Any CPU
		{2E614C42-BA27-48E7-B211-943B126A4323}.Debug|Any CPU.Build.0 = Debug|Any CPU
		{2E614C42-BA27-48E7-B211-943B126A4323}.Release|Any CPU.ActiveCfg = Release|Any CPU
		{2E614C42-BA27-48E7-B211-943B126A4323}.Release|Any CPU.Build.0 = Release|Any CPU
		{07521E5D-2D26-453C-BA63-13CF3054313D}.Debug|Any CPU.ActiveCfg = Debug|Any CPU
		{07521E5D-2D26-453C-BA63-13CF3054313D}.Debug|Any CPU.Build.0 = Debug|Any CPU
		{07521E5D-2D26-453C-BA63-13CF3054313D}.Release|Any CPU.ActiveCfg = Release|Any CPU
		{07521E5D-2D26-453C-BA63-13CF3054313D}.Release|Any CPU.Build.0 = Release|Any CPU
		{5971E4FB-76CA-4266-A8F5-7ADD6255F167}.Debug|Any CPU.ActiveCfg = Debug|Any CPU
		{5971E4FB-76CA-4266-A8F5-7ADD6255F167}.Debug|Any CPU.Build.0 = Debug|Any CPU
		{5971E4FB-76CA-4266-A8F5-7ADD6255F167}.Release|Any CPU.ActiveCfg = Release|Any CPU
		{5971E4FB-76CA-4266-A8F5-7ADD6255F167}.Release|Any CPU.Build.0 = Release|Any CPU
		{A3B8F87E-8028-404F-A507-1001CD5AC2F9}.Debug|Any CPU.ActiveCfg = Debug|Any CPU
		{A3B8F87E-8028-404F-A507-1001CD5AC2F9}.Debug|Any CPU.Build.0 = Debug|Any CPU
		{A3B8F87E-8028-404F-A507-1001CD5AC2F9}.Release|Any CPU.ActiveCfg = Release|Any CPU
		{A3B8F87E-8028-404F-A507-1001CD5AC2F9}.Release|Any CPU.Build.0 = Release|Any CPU
		{D0AABF26-985D-4D9C-B98D-77C787002B47}.Debug|Any CPU.ActiveCfg = Debug|Any CPU
		{D0AABF26-985D-4D9C-B98D-77C787002B47}.Debug|Any CPU.Build.0 = Debug|Any CPU
		{D0AABF26-985D-4D9C-B98D-77C787002B47}.Release|Any CPU.ActiveCfg = Release|Any CPU
		{D0AABF26-985D-4D9C-B98D-77C787002B47}.Release|Any CPU.Build.0 = Release|Any CPU
		{01D7764D-0C54-4183-ACBF-EAF63F1BF190}.Debug|Any CPU.ActiveCfg = Debug|Any CPU
		{01D7764D-0C54-4183-ACBF-EAF63F1BF190}.Debug|Any CPU.Build.0 = Debug|Any CPU
		{01D7764D-0C54-4183-ACBF-EAF63F1BF190}.Release|Any CPU.ActiveCfg = Release|Any CPU
		{01D7764D-0C54-4183-ACBF-EAF63F1BF190}.Release|Any CPU.Build.0 = Release|Any CPU
		{9691181E-7DDB-4182-AE4D-98B14A54C4AA}.Debug|Any CPU.ActiveCfg = Debug|Any CPU
		{9691181E-7DDB-4182-AE4D-98B14A54C4AA}.Debug|Any CPU.Build.0 = Debug|Any CPU
		{9691181E-7DDB-4182-AE4D-98B14A54C4AA}.Release|Any CPU.ActiveCfg = Release|Any CPU
		{9691181E-7DDB-4182-AE4D-98B14A54C4AA}.Release|Any CPU.Build.0 = Release|Any CPU
	EndGlobalSection
	GlobalSection(SolutionProperties) = preSolution
		HideSolutionNode = FALSE
	EndGlobalSection
	GlobalSection(ExtensibilityGlobals) = postSolution
		SolutionGuid = {D860467C-F087-4BD1-AA83-F4175866F913}
	EndGlobalSection
EndGlobal
